
Microsoft Visual Studio Solution File, Format Version 12.00
# Visual Studio Version 16
VisualStudioVersion = 16.0.34931.43
MinimumVisualStudioVersion = 10.0.40219.1
Project("{C9674DCB-5085-4A16-B785-4C70DD1589BD}") = "LoadOracleToMSSQLControlledMapping", "LoadOracleToMSSQLControlledMapping\LoadOracleToMSSQLControlledMapping.dtproj", "{88B16193-13FE-4F1E-BE1A-815B598BCC98}"
EndProject
Global
	GlobalSection(SolutionConfigurationPlatforms) = preSolution
		Development|Default = Development|Default
	EndGlobalSection
	GlobalSection(ProjectConfigurationPlatforms) = postSolution
		{88B16193-13FE-4F1E-BE1A-815B598BCC98}.Development|Default.ActiveCfg = Development
		{88B16193-13FE-4F1E-BE1A-815B598BCC98}.Development|Default.Build.0 = Development
	EndGlobalSection
	GlobalSection(SolutionProperties) = preSolution
		HideSolutionNode = FALSE
	EndGlobalSection
	GlobalSection(ExtensibilityGlobals) = postSolution
		SolutionGuid = {E1F2212C-0ED4-4F55-94F4-C1B9F0D46D6B}
	EndGlobalSection
EndGlobal
